
Microsoft Visual Studio Solution File, Format Version 12.00
# 
Project("{FAE04EC0-301F-11D3-BF4B-00C04F79EFBC}") = "Northwind.Console.EFCore", "Northwind.Console.EFCore\Northwind.Console.EFCore.csproj", "{B8835F01-0050-4989-B3E8-A32306967D47}"
EndProject
Project("{FAE04EC0-301F-11D3-BF4B-00C04F79EFBC}") = "Northwind.Console.HierarchyMapping", "Northwind.Console.HierarchyMapping\Northwind.Console.HierarchyMapping.csproj", "{281F8D7B-0FF3-452E-81C6-FA661D0A33E2}"
EndProject
Project("{FAE04EC0-301F-11D3-BF4B-00C04F79EFBC}") = "Northwind.Common.EntityModels.SqlServer", "Northwind.Common.EntityModels.SqlServer\Northwind.Common.EntityModels.SqlServer.csproj", "{8D733D13-E556-45F6-A0BA-A65EDF49668E}"
EndProject
Project("{FAE04EC0-301F-11D3-BF4B-00C04F79EFBC}") = "Northwind.Common.DataContext.SqlServer", "Northwind.Common.DataContext.SqlServer\Northwind.Common.DataContext.SqlServer.csproj", "{5F8CC09D-4C7F-4768-86EE-1A5F62FD979D}"
EndProject
Project("{FAE04EC0-301F-11D3-BF4B-00C04F79EFBC}") = "Northwind.Common.EntityModels.Tests", "Northwind.Common.EntityModels.Tests\Northwind.Common.EntityModels.Tests.csproj", "{4569E3F2-AB4D-4511-9D01-014202E07F2C}"
EndProject
Project("{FAE04EC0-301F-11D3-BF4B-00C04F79EFBC}") = "Chp3Ex02_ADONETvsEFCore", "Chp3Ex02_ADONETvsEFCore\Chp3Ex02_ADONETvsEFCore.csproj", "{25FD2366-5411-4A91-9A4A-E10C45DA18E6}"
EndProject
Global
	GlobalSection(SolutionConfigurationPlatforms) = preSolution
		Debug|Any CPU = Debug|Any CPU
		Release|Any CPU = Release|Any CPU
	EndGlobalSection
	GlobalSection(ProjectConfigurationPlatforms) = postSolution
		{B8835F01-0050-4989-B3E8-A32306967D47}.Debug|Any CPU.ActiveCfg = Debug|Any CPU
		{B8835F01-0050-4989-B3E8-A32306967D47}.Debug|Any CPU.Build.0 = Debug|Any CPU
		{B8835F01-0050-4989-B3E8-A32306967D47}.Release|Any CPU.ActiveCfg = Release|Any CPU
		{B8835F01-0050-4989-B3E8-A32306967D47}.Release|Any CPU.Build.0 = Release|Any CPU
		{281F8D7B-0FF3-452E-81C6-FA661D0A33E2}.Debug|Any CPU.ActiveCfg = Debug|Any CPU
		{281F8D7B-0FF3-452E-81C6-FA661D0A33E2}.Debug|Any CPU.Build.0 = Debug|Any CPU
		{281F8D7B-0FF3-452E-81C6-FA661D0A33E2}.Release|Any CPU.ActiveCfg = Release|Any CPU
		{281F8D7B-0FF3-452E-81C6-FA661D0A33E2}.Release|Any CPU.Build.0 = Release|Any CPU
		{8D733D13-E556-45F6-A0BA-A65EDF49668E}.Debug|Any CPU.ActiveCfg = Debug|Any CPU
		{8D733D13-E556-45F6-A0BA-A65EDF49668E}.Debug|Any CPU.Build.0 = Debug|Any CPU
		{8D733D13-E556-45F6-A0BA-A65EDF49668E}.Release|Any CPU.ActiveCfg = Release|Any CPU
		{8D733D13-E556-45F6-A0BA-A65EDF49668E}.Release|Any CPU.Build.0 = Release|Any CPU
		{5F8CC09D-4C7F-4768-86EE-1A5F62FD979D}.Debug|Any CPU.ActiveCfg = Debug|Any CPU
		{5F8CC09D-4C7F-4768-86EE-1A5F62FD979D}.Debug|Any CPU.Build.0 = Debug|Any CPU
		{5F8CC09D-4C7F-4768-86EE-1A5F62FD979D}.Release|Any CPU.ActiveCfg = Release|Any CPU
		{5F8CC09D-4C7F-4768-86EE-1A5F62FD979D}.Release|Any CPU.Build.0 = Release|Any CPU
		{4569E3F2-AB4D-4511-9D01-014202E07F2C}.Debug|Any CPU.ActiveCfg = Debug|Any CPU
		{4569E3F2-AB4D-4511-9D01-014202E07F2C}.Debug|Any CPU.Build.0 = Debug|Any CPU
		{4569E3F2-AB4D-4511-9D01-014202E07F2C}.Release|Any CPU.ActiveCfg = Release|Any CPU
		{4569E3F2-AB4D-4511-9D01-014202E07F2C}.Release|Any CPU.Build.0 = Release|Any CPU
		{25FD2366-5411-4A91-9A4A-E10C45DA18E6}.Debug|Any CPU.ActiveCfg = Debug|Any CPU
		{25FD2366-5411-4A91-9A4A-E10C45DA18E6}.Debug|Any CPU.Build.0 = Debug|Any CPU
		{25FD2366-5411-4A91-9A4A-E10C45DA18E6}.Release|Any CPU.ActiveCfg = Release|Any CPU
		{25FD2366-5411-4A91-9A4A-E10C45DA18E6}.Release|Any CPU.Build.0 = Release|Any CPU
	EndGlobalSection
EndGlobal
